using System;
using System.Collections.Generic;

namespace BiljeskeAppNamespace
{
    public class BiljeskeApp
    {
        private List<string> biljeske = new List<string>();

        public void DodajBiljesku()
        {
            Console.Write("Unesite tekst bilješke: ");
            biljeske.Add(Console.ReadLine());
            Console.WriteLine("Bilješka je dodana.");
        }

        public void PrikaziBiljeske()
        {
            if (biljeske.Count == 0)
            {
                Console.WriteLine("Nema dodanih bilješki.");
                return;
            }
            Console.WriteLine("------ Vaše bilješke ------");
            for (int i = 0; i < biljeske.Count; i++)
                Console.WriteLine($"{i + 1}. {biljeske[i]}");
        }

        public void Run()
        {
            bool izlaz = false;
            while (!izlaz)
            {
                Console.WriteLine("------ Bilješke ------");
                Console.WriteLine("1. Dodaj bilješku");
                Console.WriteLine("2. Prikaži bilješke");
                Console.WriteLine("3. Izlaz");
                Console.Write("Odaberite opciju: ");
                string opcija = Console.ReadLine();
                Console.WriteLine();

                if (opcija == "1")
                    DodajBiljesku();
                else if (opcija == "2")
                    PrikaziBiljeske();
                else if (opcija == "3")
                {
                    izlaz = true;
                    Console.WriteLine("Izlazak iz aplikacije...");
                }
                else
                    Console.WriteLine("Nepoznata opcija. Pokušajte ponovno.");

                Console.WriteLine();
            }
        }
    }

    class Program
    {
        static void Main()
        {
            new BiljeskeApp().Run();
        }
    }
}
